// !$*UTF8*$!
{
	archiveVersion = 1;
	classes = {
	};
	objectVersion = 46;
	objects = {

/* Begin PBXBuildFile section */
		038CD61F19BBFD5A004608D0 /* AppDelegate.swift in Sources */ = {isa = PBXBuildFile; fileRef = 038CD61E19BBFD5A004608D0 /* AppDelegate.swift */; };
		038CD62119BBFD5A004608D0 /* ViewController.swift in Sources */ = {isa = PBXBuildFile; fileRef = 038CD62019BBFD5A004608D0 /* ViewController.swift */; };
		038CD62419BBFD5A004608D0 /* Main.storyboard in Resources */ = {isa = PBXBuildFile; fileRef = 038CD62219BBFD5A004608D0 /* Main.storyboard */; };
		038CD62619BBFD5A004608D0 /* Images.xcassets in Resources */ = {isa = PBXBuildFile; fileRef = 038CD62519BBFD5A004608D0 /* Images.xcassets */; };
		038CD63219BBFD5A004608D0 /* herder_co_iOSTests.swift in Sources */ = {isa = PBXBuildFile; fileRef = 038CD63119BBFD5A004608D0 /* herder_co_iOSTests.swift */; };
/* End PBXBuildFile section */

/* Begin PBXContainerItemProxy section */
		038CD62C19BBFD5A004608D0 /* PBXContainerItemProxy */ = {
			isa = PBXContainerItemProxy;
			containerPortal = 038CD61119BBFD59004608D0 /* Project object */;
			proxyType = 1;
			remoteGlobalIDString = 038CD61819BBFD59004608D0;
			remoteInfo = "herder.co iOS";
		};
/* End PBXContainerItemProxy section */

/* Begin PBXFileReference section */
		038CD61919BBFD59004608D0 /* herder.co iOS.app */ = {isa = PBXFileReference; explicitFileType = wrapper.application; includeInIndex = 0; path = "herder.co iOS.app"; sourceTree = BUILT_PRODUCTS_DIR; };
		038CD61D19BBFD5A004608D0 /* Info.plist */ = {isa = PBXFileReference; lastKnownFileType = text.plist.xml; path = Info.plist; sourceTree = "<group>"; };
		038CD61E19BBFD5A004608D0 /* AppDelegate.swift */ = {isa = PBXFileReference; lastKnownFileType = sourcecode.swift; path = AppDelegate.swift; sourceTree = "<group>"; };
		038CD62019BBFD5A004608D0 /* ViewController.swift */ = {isa = PBXFileReference; lastKnownFileType = sourcecode.swift; path = ViewController.swift; sourceTree = "<group>"; };
		038CD62319BBFD5A004608D0 /* Base */ = {isa = PBXFileReference; lastKnownFileType = file.storyboard; name = Base; path = Base.lproj/Main.storyboard; sourceTree = "<group>"; };
		038CD62519BBFD5A004608D0 /* Images.xcassets */ = {isa = PBXFileReference; lastKnownFileType = folder.assetcatalog; path = Images.xcassets; sourceTree = "<group>"; };
		038CD62B19BBFD5A004608D0 /* herder.co iOSTests.xctest */ = {isa = PBXFileReference; explicitFileType = wrapper.cfbundle; includeInIndex = 0; path = "herder.co iOSTests.xctest"; sourceTree = BUILT_PRODUCTS_DIR; };
		038CD63019BBFD5A004608D0 /* Info.plist */ = {isa = PBXFileReference; lastKnownFileType = text.plist.xml; path = Info.plist; sourceTree = "<group>"; };
		038CD63119BBFD5A004608D0 /* herder_co_iOSTests.swift */ = {isa = PBXFileReference; lastKnownFileType = sourcecode.swift; path = herder_co_iOSTests.swift; sourceTree = "<group>"; };
/* End PBXFileReference section */

/* Begin PBXFrameworksBuildPhase section */
		038CD61619BBFD59004608D0 /* Frameworks */ = {
			isa = PBXFrameworksBuildPhase;
			buildActionMask = 2147483647;
			files = (
			);
			runOnlyForDeploymentPostprocessing = 0;
		};
		038CD62819BBFD5A004608D0 /* Frameworks */ = {
			isa = PBXFrameworksBuildPhase;
			buildActionMask = 2147483647;
			files = (
			);
			runOnlyForDeploymentPostprocessing = 0;
		};
/* End PBXFrameworksBuildPhase section */

/* Begin PBXGroup section */
		038CD61019BBFD59004608D0 = {
			isa = PBXGroup;
			children = (
				038CD61B19BBFD59004608D0 /* herder.co iOS */,
				038CD62E19BBFD5A004608D0 /* herder.co iOSTests */,
				038CD61A19BBFD59004608D0 /* Products */,
			);
			sourceTree = "<group>";
		};
		038CD61A19BBFD59004608D0 /* Products */ = {
			isa = PBXGroup;
			children = (
				038CD61919BBFD59004608D0 /* herder.co iOS.app */,
				038CD62B19BBFD5A004608D0 /* herder.co iOSTests.xctest */,
			);
			name = Products;
			sourceTree = "<group>";
		};
		038CD61B19BBFD59004608D0 /* herder.co iOS */ = {
			isa = PBXGroup;
			children = (
				038CD61E19BBFD5A004608D0 /* AppDelegate.swift */,
				038CD62019BBFD5A004608D0 /* ViewController.swift */,
				038CD62219BBFD5A004608D0 /* Main.storyboard */,
				038CD62519BBFD5A004608D0 /* Images.xcassets */,
				038CD61C19BBFD59004608D0 /* Supporting Files */,
			);
			path = "herder.co iOS";
			sourceTree = "<group>";
		};
		038CD61C19BBFD59004608D0 /* Supporting Files */ = {
			isa = PBXGroup;
			children = (
				038CD61D19BBFD5A004608D0 /* Info.plist */,
			);
			name = "Supporting Files";
			sourceTree = "<group>";
		};
		038CD62E19BBFD5A004608D0 /* herder.co iOSTests */ = {
			isa = PBXGroup;
			children = (
				038CD63119BBFD5A004608D0 /* herder_co_iOSTests.swift */,
				038CD62F19BBFD5A004608D0 /* Supporting Files */,
			);
			path = "herder.co iOSTests";
			sourceTree = "<group>";
		};
		038CD62F19BBFD5A004608D0 /* Supporting Files */ = {
			isa = PBXGroup;
			children = (
				038CD63019BBFD5A004608D0 /* Info.plist */,
			);
			name = "Supporting Files";
			sourceTree = "<group>";
		};
/* End PBXGroup section */

/* Begin PBXNativeTarget section */
		038CD61819BBFD59004608D0 /* herder.co iOS */ = {
			isa = PBXNativeTarget;
			buildConfigurationList = 038CD63519BBFD5A004608D0 /* Build configuration list for PBXNativeTarget "herder.co iOS" */;
			buildPhases = (
				038CD61519BBFD59004608D0 /* Sources */,
				038CD61619BBFD59004608D0 /* Frameworks */,
				038CD61719BBFD59004608D0 /* Resources */,
			);
			buildRules = (
			);
			dependencies = (
			);
			name = "herder.co iOS";
			productName = "herder.co iOS";
			productReference = 038CD61919BBFD59004608D0 /* herder.co iOS.app */;
			productType = "com.apple.product-type.application";
		};
		038CD62A19BBFD5A004608D0 /* herder.co iOSTests */ = {
			isa = PBXNativeTarget;
			buildConfigurationList = 038CD63819BBFD5A004608D0 /* Build configuration list for PBXNativeTarget "herder.co iOSTests" */;
			buildPhases = (
				038CD62719BBFD5A004608D0 /* Sources */,
				038CD62819BBFD5A004608D0 /* Frameworks */,
				038CD62919BBFD5A004608D0 /* Resources */,
			);
			buildRules = (
			);
			dependencies = (
				038CD62D19BBFD5A004608D0 /* PBXTargetDependency */,
			);
			name = "herder.co iOSTests";
			productName = "herder.co iOSTests";
			productReference = 038CD62B19BBFD5A004608D0 /* herder.co iOSTests.xctest */;
			productType = "com.apple.product-type.bundle.unit-test";
		};
/* End PBXNativeTarget section */

/* Begin PBXProject section */
		038CD61119BBFD59004608D0 /* Project object */ = {
			isa = PBXProject;
			attributes = {
				LastUpgradeCheck = 0600;
				ORGANIZATIONNAME = "Grant Timmerman";
				TargetAttributes = {
					038CD61819BBFD59004608D0 = {
						CreatedOnToolsVersion = 6.0;
					};
					038CD62A19BBFD5A004608D0 = {
						CreatedOnToolsVersion = 6.0;
						TestTargetID = 038CD61819BBFD59004608D0;
					};
				};
			};
			buildConfigurationList = 038CD61419BBFD59004608D0 /* Build configuration list for PBXProject "herder.co iOS" */;
			compatibilityVersion = "Xcode 3.2";
			developmentRegion = English;
			hasScannedForEncodings = 0;
			knownRegions = (
				en,
				Base,
			);
			mainGroup = 038CD61019BBFD59004608D0;
			productRefGroup = 038CD61A19BBFD59004608D0 /* Products */;
			projectDirPath = "";
			projectRoot = "";
			targets = (
				038CD61819BBFD59004608D0 /* herder.co iOS */,
				038CD62A19BBFD5A004608D0 /* herder.co iOSTests */,
			);
		};
/* End PBXProject section */

/* Begin PBXResourcesBuildPhase section */
		038CD61719BBFD59004608D0 /* Resources */ = {
			isa = PBXResourcesBuildPhase;
			buildActionMask = 2147483647;
			files = (
				038CD62419BBFD5A004608D0 /* Main.storyboard in Resources */,
				038CD62619BBFD5A004608D0 /* Images.xcassets in Resources */,
			);
			runOnlyForDeploymentPostprocessing = 0;
		};
		038CD62919BBFD5A004608D0 /* Resources */ = {
			isa = PBXResourcesBuildPhase;
			buildActionMask = 2147483647;
			files = (
			);
			runOnlyForDeploymentPostprocessing = 0;
		};
/* End PBXResourcesBuildPhase section */

/* Begin PBXSourcesBuildPhase section */
		038CD61519BBFD59004608D0 /* Sources */ = {
			isa = PBXSourcesBuildPhase;
			buildActionMask = 2147483647;
			files = (
				038CD62119BBFD5A004608D0 /* ViewController.swift in Sources */,
				038CD61F19BBFD5A004608D0 /* AppDelegate.swift in Sources */,
			);
			runOnlyForDeploymentPostprocessing = 0;
		};
		038CD62719BBFD5A004608D0 /* Sources */ = {
			isa = PBXSourcesBuildPhase;
			buildActionMask = 2147483647;
			files = (
				038CD63219BBFD5A004608D0 /* herder_co_iOSTests.swift in Sources */,
			);
			runOnlyForDeploymentPostprocessing = 0;
		};
/* End PBXSourcesBuildPhase section */

/* Begin PBXTargetDependency section */
		038CD62D19BBFD5A004608D0 /* PBXTargetDependency */ = {
			isa = PBXTargetDependency;
			target = 038CD61819BBFD59004608D0 /* herder.co iOS */;
			targetProxy = 038CD62C19BBFD5A004608D0 /* PBXContainerItemProxy */;
		};
/* End PBXTargetDependency section */

/* Begin PBXVariantGroup section */
		038CD62219BBFD5A004608D0 /* Main.storyboard */ = {
			isa = PBXVariantGroup;
			children = (
				038CD62319BBFD5A004608D0 /* Base */,
			);
			name = Main.storyboard;
			sourceTree = "<group>";
		};
/* End PBXVariantGroup section */

/* Begin XCBuildConfiguration section */
		038CD63319BBFD5A004608D0 /* Debug */ = {
			isa = XCBuildConfiguration;
			buildSettings = {
				ALWAYS_SEARCH_USER_PATHS = NO;
				CLANG_CXX_LANGUAGE_STANDARD = "gnu++0x";
				CLANG_CXX_LIBRARY = "libc++";
				CLANG_ENABLE_MODULES = YES;
				CLANG_ENABLE_OBJC_ARC = YES;
				CLANG_WARN_BOOL_CONVERSION = YES;
				CLANG_WARN_CONSTANT_CONVERSION = YES;
				CLANG_WARN_DIRECT_OBJC_ISA_USAGE = YES_ERROR;
				CLANG_WARN_EMPTY_BODY = YES;
				CLANG_WARN_ENUM_CONVERSION = YES;
				CLANG_WARN_INT_CONVERSION = YES;
				CLANG_WARN_OBJC_ROOT_CLASS = YES_ERROR;
				CLANG_WARN_UNREACHABLE_CODE = YES;
				CLANG_WARN__DUPLICATE_METHOD_MATCH = YES;
				"CODE_SIGN_IDENTITY[sdk=iphoneos*]" = "iPhone Developer";
				COPY_PHASE_STRIP = NO;
				ENABLE_STRICT_OBJC_MSGSEND = YES;
				GCC_C_LANGUAGE_STANDARD = gnu99;
				GCC_DYNAMIC_NO_PIC = NO;
				GCC_OPTIMIZATION_LEVEL = 0;
				GCC_PREPROCESSOR_DEFINITIONS = (
					"DEBUG=1",
					"$(inherited)",
				);
				GCC_SYMBOLS_PRIVATE_EXTERN = NO;
				GCC_WARN_64_TO_32_BIT_CONVERSION = YES;
				GCC_WARN_ABOUT_RETURN_TYPE = YES_ERROR;
				GCC_WARN_UNDECLARED_SELECTOR = YES;
				GCC_WARN_UNINITIALIZED_AUTOS = YES_AGGRESSIVE;
				GCC_WARN_UNUSED_FUNCTION = YES;
				GCC_WARN_UNUSED_VARIABLE = YES;
				IPHONEOS_DEPLOYMENT_TARGET = 8.0;
				MTL_ENABLE_DEBUG_INFO = YES;
				ONLY_ACTIVE_ARCH = YES;
				SDKROOT = iphoneos;
				SWIFT_OPTIMIZATION_LEVEL = "-Onone";
			};
			name = Debug;
		};
		038CD63419BBFD5A004608D0 /* Release */ = {
			isa = XCBuildConfiguration;
			buildSettings = {
				ALWAYS_SEARCH_USER_PATHS = NO;
				CLANG_CXX_LANGUAGE_STANDARD = "gnu++0x";
				CLANG_CXX_LIBRARY = "libc++";
				CLANG_ENABLE_MODULES = YES;
				CLANG_ENABLE_OBJC_ARC = YES;
				CLANG_WARN_BOOL_CONVERSION = YES;
				CLANG_WARN_CONSTANT_CONVERSION = YES;
				CLANG_WARN_DIRECT_OBJC_ISA_USAGE = YES_ERROR;
				CLANG_WARN_EMPTY_BODY = YES;
				CLANG_WARN_ENUM_CONVERSION = YES;
				CLANG_WARN_INT_CONVERSION = YES;
				CLANG_WARN_OBJC_ROOT_CLASS = YES_ERROR;
				CLANG_WARN_UNREACHABLE_CODE = YES;
				CLANG_WARN__DUPLICATE_METHOD_MATCH = YES;
				"CODE_SIGN_IDENTITY[sdk=iphoneos*]" = "iPhone Developer";
				COPY_PHASE_STRIP = YES;
				ENABLE_NS_ASSERTIONS = NO;
				ENABLE_STRICT_OBJC_MSGSEND = YES;
				GCC_C_LANGUAGE_STANDARD = gnu99;
				GCC_WARN_64_TO_32_BIT_CONVERSION = YES;
				GCC_WARN_ABOUT_RETURN_TYPE = YES_ERROR;
				GCC_WARN_UNDECLARED_SELECTOR = YES;
				GCC_WARN_UNINITIALIZED_AUTOS = YES_AGGRESSIVE;
				GCC_WARN_UNUSED_FUNCTION = YES;
				GCC_WARN_UNUSED_VARIABLE = YES;
				IPHONEOS_DEPLOYMENT_TARGET = 8.0;
				MTL_ENABLE_DEBUG_INFO = NO;
				SDKROOT = iphoneos;
				VALIDATE_PRODUCT = YES;
			};
			name = Release;
		};
		038CD63619BBFD5A004608D0 /* Debug */ = {
			isa = XCBuildConfiguration;
			buildSettings = {
				ASSETCATALOG_COMPILER_APPICON_NAME = AppIcon;
				ASSETCATALOG_COMPILER_LAUNCHIMAGE_NAME = LaunchImage;
				INFOPLIST_FILE = "herder.co iOS/Info.plist";
				IPHONEOS_DEPLOYMENT_TARGET = 7.0;
				LD_RUNPATH_SEARCH_PATHS = "$(inherited) @executable_path/Frameworks";
				PRODUCT_NAME = "$(TARGET_NAME)";
				TARGETED_DEVICE_FAMILY = 1;
			};
			name = Debug;
		};
		038CD63719BBFD5A004608D0 /* Release */ = {
			isa = XCBuildConfiguration;
			buildSettings = {
				ASSETCATALOG_COMPILER_APPICON_NAME = AppIcon;
				ASSETCATALOG_COMPILER_LAUNCHIMAGE_NAME = LaunchImage;
				INFOPLIST_FILE = "herder.co iOS/Info.plist";
				IPHONEOS_DEPLOYMENT_TARGET = 7.0;
				LD_RUNPATH_SEARCH_PATHS = "$(inherited) @executable_path/Frameworks";
				PRODUCT_NAME = "$(TARGET_NAME)";
				TARGETED_DEVICE_FAMILY = 1;
			};
			name = Release;
		};
		038CD63919BBFD5A004608D0 /* Debug */ = {
			isa = XCBuildConfiguration;
			buildSettings = {
				BUNDLE_LOADER = "$(TEST_HOST)";
				FRAMEWORK_SEARCH_PATHS = (
					"$(SDKROOT)/Developer/Library/Frameworks",
					"$(inherited)",
				);
				GCC_PREPROCESSOR_DEFINITIONS = (
					"DEBUG=1",
					"$(inherited)",
				);
				INFOPLIST_FILE = "herder.co iOSTests/Info.plist";
				LD_RUNPATH_SEARCH_PATHS = "$(inherited) @executable_path/Frameworks @loader_path/Frameworks";
				PRODUCT_NAME = "$(TARGET_NAME)";
				TEST_HOST = "$(BUILT_PRODUCTS_DIR)/herder.co iOS.app/herder.co iOS";
			};
			name = Debug;
		};
		038CD63A19BBFD5A004608D0 /* Release */ = {
			isa = XCBuildConfiguration;
			buildSettings = {
				BUNDLE_LOADER = "$(TEST_HOST)";
				FRAMEWORK_SEARCH_PATHS = (
					"$(SDKROOT)/Developer/Library/Frameworks",
					"$(inherited)",
				);
				INFOPLIST_FILE = "herder.co iOSTests/Info.plist";
				LD_RUNPATH_SEARCH_PATHS = "$(inherited) @executable_path/Frameworks @loader_path/Frameworks";
				PRODUCT_NAME = "$(TARGET_NAME)";
				TEST_HOST = "$(BUILT_PRODUCTS_DIR)/herder.co iOS.app/herder.co iOS";
			};
			name = Release;
		};
/* End XCBuildConfiguration section */

/* Begin XCConfigurationList section */
		038CD61419BBFD59004608D0 /* Build configuration list for PBXProject "herder.co iOS" */ = {
			isa = XCConfigurationList;
			buildConfigurations = (
				038CD63319BBFD5A004608D0 /* Debug */,
				038CD63419BBFD5A004608D0 /* Release */,
			);
			defaultConfigurationIsVisible = 0;
			defaultConfigurationName = Release;
		};
		038CD63519BBFD5A004608D0 /* Build configuration list for PBXNativeTarget "herder.co iOS" */ = {
			isa = XCConfigurationList;
			buildConfigurations = (
				038CD63619BBFD5A004608D0 /* Debug */,
				038CD63719BBFD5A004608D0 /* Release */,
			);
			defaultConfigurationIsVisible = 0;
		};
		038CD63819BBFD5A004608D0 /* Build configuration list for PBXNativeTarget "herder.co iOSTests" */ = {
			isa = XCConfigurationList;
			buildConfigurations = (
				038CD63919BBFD5A004608D0 /* Debug */,
				038CD63A19BBFD5A004608D0 /* Release */,
			);
			defaultConfigurationIsVisible = 0;
		};
/* End XCConfigurationList section */
	};
	rootObject = 038CD61119BBFD59004608D0 /* Project object */;
}
